
Microsoft Visual Studio Solution File, Format Version 12.00
# Visual Studio 15
VisualStudioVersion = 15.0.27130.2026
MinimumVisualStudioVersion = 10.0.40219.1
Project("{FAE04EC0-301F-11D3-BF4B-00C04F79EFBC}") = "AppEscolar.Android", "AppEscolar\AppEscolar.Android\AppEscolar.Android.csproj", "{AB3133B2-128A-4EC5-90C1-B5C717D5C636}"
EndProject
Project("{FAE04EC0-301F-11D3-BF4B-00C04F79EFBC}") = "AppEscolar.iOS", "AppEscolar\AppEscolar.iOS\AppEscolar.iOS.csproj", "{F02AA231-B14D-4AF7-800E-25E849FEE138}"
EndProject
Project("{FAE04EC0-301F-11D3-BF4B-00C04F79EFBC}") = "AppEscolar.UWP", "AppEscolar\AppEscolar.UWP\AppEscolar.UWP.csproj", "{CD6EE75B-244E-4267-B277-16159E6AD732}"
EndProject
Project("{FAE04EC0-301F-11D3-BF4B-00C04F79EFBC}") = "AppEscolar", "AppEscolar\AppEscolar\AppEscolar.csproj", "{B0F0B974-43FD-4E23-97E4-291A99F1B423}"
EndProject
Global
	GlobalSection(SolutionConfigurationPlatforms) = preSolution
		Ad-Hoc|Any CPU = Ad-Hoc|Any CPU
		Ad-Hoc|ARM = Ad-Hoc|ARM
		Ad-Hoc|iPhone = Ad-Hoc|iPhone
		Ad-Hoc|iPhoneSimulator = Ad-Hoc|iPhoneSimulator
		Ad-Hoc|x64 = Ad-Hoc|x64
		Ad-Hoc|x86 = Ad-Hoc|x86
		AppStore|Any CPU = AppStore|Any CPU
		AppStore|ARM = AppStore|ARM
		AppStore|iPhone = AppStore|iPhone
		AppStore|iPhoneSimulator = AppStore|iPhoneSimulator
		AppStore|x64 = AppStore|x64
		AppStore|x86 = AppStore|x86
		Debug|Any CPU = Debug|Any CPU
		Debug|ARM = Debug|ARM
		Debug|iPhone = Debug|iPhone
		Debug|iPhoneSimulator = Debug|iPhoneSimulator
		Debug|x64 = Debug|x64
		Debug|x86 = Debug|x86
		Release|Any CPU = Release|Any CPU
		Release|ARM = Release|ARM
		Release|iPhone = Release|iPhone
		Release|iPhoneSimulator = Release|iPhoneSimulator
		Release|x64 = Release|x64
		Release|x86 = Release|x86
	EndGlobalSection
	GlobalSection(ProjectConfigurationPlatforms) = postSolution
		{AB3133B2-128A-4EC5-90C1-B5C717D5C636}.Ad-Hoc|Any CPU.ActiveCfg = Release|Any CPU
		{AB3133B2-128A-4EC5-90C1-B5C717D5C636}.Ad-Hoc|Any CPU.Build.0 = Release|Any CPU
		{AB3133B2-128A-4EC5-90C1-B5C717D5C636}.Ad-Hoc|Any CPU.Deploy.0 = Release|Any CPU
		{AB3133B2-128A-4EC5-90C1-B5C717D5C636}.Ad-Hoc|ARM.ActiveCfg = Release|Any CPU
		{AB3133B2-128A-4EC5-90C1-B5C717D5C636}.Ad-Hoc|ARM.Build.0 = Release|Any CPU
		{AB3133B2-128A-4EC5-90C1-B5C717D5C636}.Ad-Hoc|ARM.Deploy.0 = Release|Any CPU
		{AB3133B2-128A-4EC5-90C1-B5C717D5C636}.Ad-Hoc|iPhone.ActiveCfg = Release|Any CPU
		{AB3133B2-128A-4EC5-90C1-B5C717D5C636}.Ad-Hoc|iPhone.Build.0 = Release|Any CPU
		{AB3133B2-128A-4EC5-90C1-B5C717D5C636}.Ad-Hoc|iPhone.Deploy.0 = Release|Any CPU
		{AB3133B2-128A-4EC5-90C1-B5C717D5C636}.Ad-Hoc|iPhoneSimulator.ActiveCfg = Release|Any CPU
		{AB3133B2-128A-4EC5-90C1-B5C717D5C636}.Ad-Hoc|iPhoneSimulator.Build.0 = Release|Any CPU
		{AB3133B2-128A-4EC5-90C1-B5C717D5C636}.Ad-Hoc|iPhoneSimulator.Deploy.0 = Release|Any CPU
		{AB3133B2-128A-4EC5-90C1-B5C717D5C636}.Ad-Hoc|x64.ActiveCfg = Release|Any CPU
		{AB3133B2-128A-4EC5-90C1-B5C717D5C636}.Ad-Hoc|x64.Build.0 = Release|Any CPU
		{AB3133B2-128A-4EC5-90C1-B5C717D5C636}.Ad-Hoc|x64.Deploy.0 = Release|Any CPU
		{AB3133B2-128A-4EC5-90C1-B5C717D5C636}.Ad-Hoc|x86.ActiveCfg = Release|Any CPU
		{AB3133B2-128A-4EC5-90C1-B5C717D5C636}.Ad-Hoc|x86.Build.0 = Release|Any CPU
		{AB3133B2-128A-4EC5-90C1-B5C717D5C636}.Ad-Hoc|x86.Deploy.0 = Release|Any CPU
		{AB3133B2-128A-4EC5-90C1-B5C717D5C636}.AppStore|Any CPU.ActiveCfg = Release|Any CPU
		{AB3133B2-128A-4EC5-90C1-B5C717D5C636}.AppStore|Any CPU.Build.0 = Release|Any CPU
		{AB3133B2-128A-4EC5-90C1-B5C717D5C636}.AppStore|Any CPU.Deploy.0 = Release|Any CPU
		{AB3133B2-128A-4EC5-90C1-B5C717D5C636}.AppStore|ARM.ActiveCfg = Release|Any CPU
		{AB3133B2-128A-4EC5-90C1-B5C717D5C636}.AppStore|ARM.Build.0 = Release|Any CPU
		{AB3133B2-128A-4EC5-90C1-B5C717D5C636}.AppStore|ARM.Deploy.0 = Release|Any CPU
		{AB3133B2-128A-4EC5-90C1-B5C717D5C636}.AppStore|iPhone.ActiveCfg = Release|Any CPU
		{AB3133B2-128A-4EC5-90C1-B5C717D5C636}.AppStore|iPhone.Build.0 = Release|Any CPU
		{AB3133B2-128A-4EC5-90C1-B5C717D5C636}.AppStore|iPhone.Deploy.0 = Release|Any CPU
		{AB3133B2-128A-4EC5-90C1-B5C717D5C636}.AppStore|iPhoneSimulator.ActiveCfg = Release|Any CPU
		{AB3133B2-128A-4EC5-90C1-B5C717D5C636}.AppStore|iPhoneSimulator.Build.0 = Release|Any CPU
		{AB3133B2-128A-4EC5-90C1-B5C717D5C636}.AppStore|iPhoneSimulator.Deploy.0 = Release|Any CPU
		{AB3133B2-128A-4EC5-90C1-B5C717D5C636}.AppStore|x64.ActiveCfg = Release|Any CPU
		{AB3133B2-128A-4EC5-90C1-B5C717D5C636}.AppStore|x64.Build.0 = Release|Any CPU
		{AB3133B2-128A-4EC5-90C1-B5C717D5C636}.AppStore|x64.Deploy.0 = Release|Any CPU
		{AB3133B2-128A-4EC5-90C1-B5C717D5C636}.AppStore|x86.ActiveCfg = Release|Any CPU
		{AB3133B2-128A-4EC5-90C1-B5C717D5C636}.AppStore|x86.Build.0 = Release|Any CPU
		{AB3133B2-128A-4EC5-90C1-B5C717D5C636}.AppStore|x86.Deploy.0 = Release|Any CPU
		{AB3133B2-128A-4EC5-90C1-B5C717D5C636}.Debug|Any CPU.ActiveCfg = Debug|Any CPU
		{AB3133B2-128A-4EC5-90C1-B5C717D5C636}.Debug|Any CPU.Build.0 = Debug|Any CPU
		{AB3133B2-128A-4EC5-90C1-B5C717D5C636}.Debug|Any CPU.Deploy.0 = Debug|Any CPU
		{AB3133B2-128A-4EC5-90C1-B5C717D5C636}.Debug|ARM.ActiveCfg = Debug|Any CPU
		{AB3133B2-128A-4EC5-90C1-B5C717D5C636}.Debug|ARM.Build.0 = Debug|Any CPU
		{AB3133B2-128A-4EC5-90C1-B5C717D5C636}.Debug|ARM.Deploy.0 = Debug|Any CPU
		{AB3133B2-128A-4EC5-90C1-B5C717D5C636}.Debug|iPhone.ActiveCfg = Debug|Any CPU
		{AB3133B2-128A-4EC5-90C1-B5C717D5C636}.Debug|iPhone.Build.0 = Debug|Any CPU
		{AB3133B2-128A-4EC5-90C1-B5C717D5C636}.Debug|iPhone.Deploy.0 = Debug|Any CPU
		{AB3133B2-128A-4EC5-90C1-B5C717D5C636}.Debug|iPhoneSimulator.ActiveCfg = Debug|Any CPU
		{AB3133B2-128A-4EC5-90C1-B5C717D5C636}.Debug|iPhoneSimulator.Build.0 = Debug|Any CPU
		{AB3133B2-128A-4EC5-90C1-B5C717D5C636}.Debug|iPhoneSimulator.Deploy.0 = Debug|Any CPU
		{AB3133B2-128A-4EC5-90C1-B5C717D5C636}.Debug|x64.ActiveCfg = Debug|Any CPU
		{AB3133B2-128A-4EC5-90C1-B5C717D5C636}.Debug|x64.Build.0 = Debug|Any CPU
		{AB3133B2-128A-4EC5-90C1-B5C717D5C636}.Debug|x64.Deploy.0 = Debug|Any CPU
		{AB3133B2-128A-4EC5-90C1-B5C717D5C636}.Debug|x86.ActiveCfg = Debug|Any CPU
		{AB3133B2-128A-4EC5-90C1-B5C717D5C636}.Debug|x86.Build.0 = Debug|Any CPU
		{AB3133B2-128A-4EC5-90C1-B5C717D5C636}.Debug|x86.Deploy.0 = Debug|Any CPU
		{AB3133B2-128A-4EC5-90C1-B5C717D5C636}.Release|Any CPU.ActiveCfg = Release|Any CPU
		{AB3133B2-128A-4EC5-90C1-B5C717D5C636}.Release|Any CPU.Build.0 = Release|Any CPU
		{AB3133B2-128A-4EC5-90C1-B5C717D5C636}.Release|Any CPU.Deploy.0 = Release|Any CPU
		{AB3133B2-128A-4EC5-90C1-B5C717D5C636}.Release|ARM.ActiveCfg = Release|Any CPU
		{AB3133B2-128A-4EC5-90C1-B5C717D5C636}.Release|ARM.Build.0 = Release|Any CPU
		{AB3133B2-128A-4EC5-90C1-B5C717D5C636}.Release|ARM.Deploy.0 = Release|Any CPU
		{AB3133B2-128A-4EC5-90C1-B5C717D5C636}.Release|iPhone.ActiveCfg = Release|Any CPU
		{AB3133B2-128A-4EC5-90C1-B5C717D5C636}.Release|iPhone.Build.0 = Release|Any CPU
		{AB3133B2-128A-4EC5-90C1-B5C717D5C636}.Release|iPhone.Deploy.0 = Release|Any CPU
		{AB3133B2-128A-4EC5-90C1-B5C717D5C636}.Release|iPhoneSimulator.ActiveCfg = Release|Any CPU
		{AB3133B2-128A-4EC5-90C1-B5C717D5C636}.Release|iPhoneSimulator.Build.0 = Release|Any CPU
		{AB3133B2-128A-4EC5-90C1-B5C717D5C636}.Release|iPhoneSimulator.Deploy.0 = Release|Any CPU
		{AB3133B2-128A-4EC5-90C1-B5C717D5C636}.Release|x64.ActiveCfg = Release|Any CPU
		{AB3133B2-128A-4EC5-90C1-B5C717D5C636}.Release|x64.Build.0 = Release|Any CPU
		{AB3133B2-128A-4EC5-90C1-B5C717D5C636}.Release|x64.Deploy.0 = Release|Any CPU
		{AB3133B2-128A-4EC5-90C1-B5C717D5C636}.Release|x86.ActiveCfg = Release|Any CPU
		{AB3133B2-128A-4EC5-90C1-B5C717D5C636}.Release|x86.Build.0 = Release|Any CPU
		{AB3133B2-128A-4EC5-90C1-B5C717D5C636}.Release|x86.Deploy.0 = Release|Any CPU
		{F02AA231-B14D-4AF7-800E-25E849FEE138}.Ad-Hoc|Any CPU.ActiveCfg = Ad-Hoc|iPhone
		{F02AA231-B14D-4AF7-800E-25E849FEE138}.Ad-Hoc|ARM.ActiveCfg = Ad-Hoc|iPhone
		{F02AA231-B14D-4AF7-800E-25E849FEE138}.Ad-Hoc|iPhone.ActiveCfg = Ad-Hoc|iPhone
		{F02AA231-B14D-4AF7-800E-25E849FEE138}.Ad-Hoc|iPhone.Build.0 = Ad-Hoc|iPhone
		{F02AA231-B14D-4AF7-800E-25E849FEE138}.Ad-Hoc|iPhoneSimulator.ActiveCfg = Ad-Hoc|iPhoneSimulator
		{F02AA231-B14D-4AF7-800E-25E849FEE138}.Ad-Hoc|iPhoneSimulator.Build.0 = Ad-Hoc|iPhoneSimulator
		{F02AA231-B14D-4AF7-800E-25E849FEE138}.Ad-Hoc|x64.ActiveCfg = Ad-Hoc|iPhone
		{F02AA231-B14D-4AF7-800E-25E849FEE138}.Ad-Hoc|x86.ActiveCfg = Ad-Hoc|iPhone
		{F02AA231-B14D-4AF7-800E-25E849FEE138}.AppStore|Any CPU.ActiveCfg = AppStore|iPhone
		{F02AA231-B14D-4AF7-800E-25E849FEE138}.AppStore|ARM.ActiveCfg = AppStore|iPhone
		{F02AA231-B14D-4AF7-800E-25E849FEE138}.AppStore|iPhone.ActiveCfg = AppStore|iPhone
		{F02AA231-B14D-4AF7-800E-25E849FEE138}.AppStore|iPhone.Build.0 = AppStore|iPhone
		{F02AA231-B14D-4AF7-800E-25E849FEE138}.AppStore|iPhoneSimulator.ActiveCfg = AppStore|iPhoneSimulator
		{F02AA231-B14D-4AF7-800E-25E849FEE138}.AppStore|iPhoneSimulator.Build.0 = AppStore|iPhoneSimulator
		{F02AA231-B14D-4AF7-800E-25E849FEE138}.AppStore|x64.ActiveCfg = AppStore|iPhone
		{F02AA231-B14D-4AF7-800E-25E849FEE138}.AppStore|x86.ActiveCfg = AppStore|iPhone
		{F02AA231-B14D-4AF7-800E-25E849FEE138}.Debug|Any CPU.ActiveCfg = Debug|iPhone
		{F02AA231-B14D-4AF7-800E-25E849FEE138}.Debug|ARM.ActiveCfg = Debug|iPhone
		{F02AA231-B14D-4AF7-800E-25E849FEE138}.Debug|iPhone.ActiveCfg = Debug|iPhone
		{F02AA231-B14D-4AF7-800E-25E849FEE138}.Debug|iPhone.Build.0 = Debug|iPhone
		{F02AA231-B14D-4AF7-800E-25E849FEE138}.Debug|iPhoneSimulator.ActiveCfg = Debug|iPhoneSimulator
		{F02AA231-B14D-4AF7-800E-25E849FEE138}.Debug|iPhoneSimulator.Build.0 = Debug|iPhoneSimulator
		{F02AA231-B14D-4AF7-800E-25E849FEE138}.Debug|x64.ActiveCfg = Debug|iPhone
		{F02AA231-B14D-4AF7-800E-25E849FEE138}.Debug|x86.ActiveCfg = Debug|iPhone
		{F02AA231-B14D-4AF7-800E-25E849FEE138}.Release|Any CPU.ActiveCfg = Release|iPhone
		{F02AA231-B14D-4AF7-800E-25E849FEE138}.Release|ARM.ActiveCfg = Release|iPhone
		{F02AA231-B14D-4AF7-800E-25E849FEE138}.Release|iPhone.ActiveCfg = Release|iPhone
		{F02AA231-B14D-4AF7-800E-25E849FEE138}.Release|iPhone.Build.0 = Release|iPhone
		{F02AA231-B14D-4AF7-800E-25E849FEE138}.Release|iPhoneSimulator.ActiveCfg = Release|iPhoneSimulator
		{F02AA231-B14D-4AF7-800E-25E849FEE138}.Release|iPhoneSimulator.Build.0 = Release|iPhoneSimulator
		{F02AA231-B14D-4AF7-800E-25E849FEE138}.Release|x64.ActiveCfg = Release|iPhone
		{F02AA231-B14D-4AF7-800E-25E849FEE138}.Release|x86.ActiveCfg = Release|iPhone
		{CD6EE75B-244E-4267-B277-16159E6AD732}.Ad-Hoc|Any CPU.ActiveCfg = Release|x86
		{CD6EE75B-244E-4267-B277-16159E6AD732}.Ad-Hoc|Any CPU.Build.0 = Release|x86
		{CD6EE75B-244E-4267-B277-16159E6AD732}.Ad-Hoc|Any CPU.Deploy.0 = Release|x86
		{CD6EE75B-244E-4267-B277-16159E6AD732}.Ad-Hoc|ARM.ActiveCfg = Release|ARM
		{CD6EE75B-244E-4267-B277-16159E6AD732}.Ad-Hoc|ARM.Build.0 = Release|ARM
		{CD6EE75B-244E-4267-B277-16159E6AD732}.Ad-Hoc|ARM.Deploy.0 = Release|ARM
		{CD6EE75B-244E-4267-B277-16159E6AD732}.Ad-Hoc|iPhone.ActiveCfg = Release|x86
		{CD6EE75B-244E-4267-B277-16159E6AD732}.Ad-Hoc|iPhone.Build.0 = Release|x86
		{CD6EE75B-244E-4267-B277-16159E6AD732}.Ad-Hoc|iPhone.Deploy.0 = Release|x86
		{CD6EE75B-244E-4267-B277-16159E6AD732}.Ad-Hoc|iPhoneSimulator.ActiveCfg = Release|x86
		{CD6EE75B-244E-4267-B277-16159E6AD732}.Ad-Hoc|iPhoneSimulator.Build.0 = Release|x86
		{CD6EE75B-244E-4267-B277-16159E6AD732}.Ad-Hoc|iPhoneSimulator.Deploy.0 = Release|x86
		{CD6EE75B-244E-4267-B277-16159E6AD732}.Ad-Hoc|x64.ActiveCfg = Release|x64
		{CD6EE75B-244E-4267-B277-16159E6AD732}.Ad-Hoc|x64.Build.0 = Release|x64
		{CD6EE75B-244E-4267-B277-16159E6AD732}.Ad-Hoc|x64.Deploy.0 = Release|x64
		{CD6EE75B-244E-4267-B277-16159E6AD732}.Ad-Hoc|x86.ActiveCfg = Release|x86
		{CD6EE75B-244E-4267-B277-16159E6AD732}.Ad-Hoc|x86.Build.0 = Release|x86
		{CD6EE75B-244E-4267-B277-16159E6AD732}.Ad-Hoc|x86.Deploy.0 = Release|x86
		{CD6EE75B-244E-4267-B277-16159E6AD732}.AppStore|Any CPU.ActiveCfg = Release|x86
		{CD6EE75B-244E-4267-B277-16159E6AD732}.AppStore|Any CPU.Build.0 = Release|x86
		{CD6EE75B-244E-4267-B277-16159E6AD732}.AppStore|Any CPU.Deploy.0 = Release|x86
		{CD6EE75B-244E-4267-B277-16159E6AD732}.AppStore|ARM.ActiveCfg = Release|ARM
		{CD6EE75B-244E-4267-B277-16159E6AD732}.AppStore|ARM.Build.0 = Release|ARM
		{CD6EE75B-244E-4267-B277-16159E6AD732}.AppStore|ARM.Deploy.0 = Release|ARM
		{CD6EE75B-244E-4267-B277-16159E6AD732}.AppStore|iPhone.ActiveCfg = Release|x86
		{CD6EE75B-244E-4267-B277-16159E6AD732}.AppStore|iPhone.Build.0 = Release|x86
		{CD6EE75B-244E-4267-B277-16159E6AD732}.AppStore|iPhone.Deploy.0 = Release|x86
		{CD6EE75B-244E-4267-B277-16159E6AD732}.AppStore|iPhoneSimulator.ActiveCfg = Release|x86
		{CD6EE75B-244E-4267-B277-16159E6AD732}.AppStore|iPhoneSimulator.Build.0 = Release|x86
		{CD6EE75B-244E-4267-B277-16159E6AD732}.AppStore|iPhoneSimulator.Deploy.0 = Release|x86
		{CD6EE75B-244E-4267-B277-16159E6AD732}.AppStore|x64.ActiveCfg = Release|x64
		{CD6EE75B-244E-4267-B277-16159E6AD732}.AppStore|x64.Build.0 = Release|x64
		{CD6EE75B-244E-4267-B277-16159E6AD732}.AppStore|x64.Deploy.0 = Release|x64
		{CD6EE75B-244E-4267-B277-16159E6AD732}.AppStore|x86.ActiveCfg = Release|x86
		{CD6EE75B-244E-4267-B277-16159E6AD732}.AppStore|x86.Build.0 = Release|x86
		{CD6EE75B-244E-4267-B277-16159E6AD732}.AppStore|x86.Deploy.0 = Release|x86
		{CD6EE75B-244E-4267-B277-16159E6AD732}.Debug|Any CPU.ActiveCfg = Debug|x86
		{CD6EE75B-244E-4267-B277-16159E6AD732}.Debug|ARM.ActiveCfg = Debug|ARM
		{CD6EE75B-244E-4267-B277-16159E6AD732}.Debug|ARM.Build.0 = Debug|ARM
		{CD6EE75B-244E-4267-B277-16159E6AD732}.Debug|ARM.Deploy.0 = Debug|ARM
		{CD6EE75B-244E-4267-B277-16159E6AD732}.Debug|iPhone.ActiveCfg = Debug|x86
		{CD6EE75B-244E-4267-B277-16159E6AD732}.Debug|iPhoneSimulator.ActiveCfg = Debug|x86
		{CD6EE75B-244E-4267-B277-16159E6AD732}.Debug|x64.ActiveCfg = Debug|x64
		{CD6EE75B-244E-4267-B277-16159E6AD732}.Debug|x64.Build.0 = Debug|x64
		{CD6EE75B-244E-4267-B277-16159E6AD732}.Debug|x64.Deploy.0 = Debug|x64
		{CD6EE75B-244E-4267-B277-16159E6AD732}.Debug|x86.ActiveCfg = Debug|x86
		{CD6EE75B-244E-4267-B277-16159E6AD732}.Debug|x86.Build.0 = Debug|x86
		{CD6EE75B-244E-4267-B277-16159E6AD732}.Debug|x86.Deploy.0 = Debug|x86
		{CD6EE75B-244E-4267-B277-16159E6AD732}.Release|Any CPU.ActiveCfg = Release|x86
		{CD6EE75B-244E-4267-B277-16159E6AD732}.Release|ARM.ActiveCfg = Release|ARM
		{CD6EE75B-244E-4267-B277-16159E6AD732}.Release|ARM.Build.0 = Release|ARM
		{CD6EE75B-244E-4267-B277-16159E6AD732}.Release|ARM.Deploy.0 = Release|ARM
		{CD6EE75B-244E-4267-B277-16159E6AD732}.Release|iPhone.ActiveCfg = Release|x86
		{CD6EE75B-244E-4267-B277-16159E6AD732}.Release|iPhoneSimulator.ActiveCfg = Release|x86
		{CD6EE75B-244E-4267-B277-16159E6AD732}.Release|x64.ActiveCfg = Release|x64
		{CD6EE75B-244E-4267-B277-16159E6AD732}.Release|x64.Build.0 = Release|x64
		{CD6EE75B-244E-4267-B277-16159E6AD732}.Release|x64.Deploy.0 = Release|x64
		{CD6EE75B-244E-4267-B277-16159E6AD732}.Release|x86.ActiveCfg = Release|x86
		{CD6EE75B-244E-4267-B277-16159E6AD732}.Release|x86.Build.0 = Release|x86
		{CD6EE75B-244E-4267-B277-16159E6AD732}.Release|x86.Deploy.0 = Release|x86
		{B0F0B974-43FD-4E23-97E4-291A99F1B423}.Ad-Hoc|Any CPU.ActiveCfg = Debug|Any CPU
		{B0F0B974-43FD-4E23-97E4-291A99F1B423}.Ad-Hoc|Any CPU.Build.0 = Debug|Any CPU
		{B0F0B974-43FD-4E23-97E4-291A99F1B423}.Ad-Hoc|ARM.ActiveCfg = Debug|Any CPU
		{B0F0B974-43FD-4E23-97E4-291A99F1B423}.Ad-Hoc|ARM.Build.0 = Debug|Any CPU
		{B0F0B974-43FD-4E23-97E4-291A99F1B423}.Ad-Hoc|iPhone.ActiveCfg = Debug|Any CPU
		{B0F0B974-43FD-4E23-97E4-291A99F1B423}.Ad-Hoc|iPhone.Build.0 = Debug|Any CPU
		{B0F0B974-43FD-4E23-97E4-291A99F1B423}.Ad-Hoc|iPhoneSimulator.ActiveCfg = Debug|Any CPU
		{B0F0B974-43FD-4E23-97E4-291A99F1B423}.Ad-Hoc|iPhoneSimulator.Build.0 = Debug|Any CPU
		{B0F0B974-43FD-4E23-97E4-291A99F1B423}.Ad-Hoc|x64.ActiveCfg = Debug|Any CPU
		{B0F0B974-43FD-4E23-97E4-291A99F1B423}.Ad-Hoc|x64.Build.0 = Debug|Any CPU
		{B0F0B974-43FD-4E23-97E4-291A99F1B423}.Ad-Hoc|x86.ActiveCfg = Debug|Any CPU
		{B0F0B974-43FD-4E23-97E4-291A99F1B423}.Ad-Hoc|x86.Build.0 = Debug|Any CPU
		{B0F0B974-43FD-4E23-97E4-291A99F1B423}.AppStore|Any CPU.ActiveCfg = Debug|Any CPU
		{B0F0B974-43FD-4E23-97E4-291A99F1B423}.AppStore|Any CPU.Build.0 = Debug|Any CPU
		{B0F0B974-43FD-4E23-97E4-291A99F1B423}.AppStore|ARM.ActiveCfg = Debug|Any CPU
		{B0F0B974-43FD-4E23-97E4-291A99F1B423}.AppStore|ARM.Build.0 = Debug|Any CPU
		{B0F0B974-43FD-4E23-97E4-291A99F1B423}.AppStore|iPhone.ActiveCfg = Debug|Any CPU
		{B0F0B974-43FD-4E23-97E4-291A99F1B423}.AppStore|iPhone.Build.0 = Debug|Any CPU
		{B0F0B974-43FD-4E23-97E4-291A99F1B423}.AppStore|iPhoneSimulator.ActiveCfg = Debug|Any CPU
		{B0F0B974-43FD-4E23-97E4-291A99F1B423}.AppStore|iPhoneSimulator.Build.0 = Debug|Any CPU
		{B0F0B974-43FD-4E23-97E4-291A99F1B423}.AppStore|x64.ActiveCfg = Debug|Any CPU
		{B0F0B974-43FD-4E23-97E4-291A99F1B423}.AppStore|x64.Build.0 = Debug|Any CPU
		{B0F0B974-43FD-4E23-97E4-291A99F1B423}.AppStore|x86.ActiveCfg = Debug|Any CPU
		{B0F0B974-43FD-4E23-97E4-291A99F1B423}.AppStore|x86.Build.0 = Debug|Any CPU
		{B0F0B974-43FD-4E23-97E4-291A99F1B423}.Debug|Any CPU.ActiveCfg = Debug|Any CPU
		{B0F0B974-43FD-4E23-97E4-291A99F1B423}.Debug|Any CPU.Build.0 = Debug|Any CPU
		{B0F0B974-43FD-4E23-97E4-291A99F1B423}.Debug|ARM.ActiveCfg = Debug|Any CPU
		{B0F0B974-43FD-4E23-97E4-291A99F1B423}.Debug|ARM.Build.0 = Debug|Any CPU
		{B0F0B974-43FD-4E23-97E4-291A99F1B423}.Debug|iPhone.ActiveCfg = Debug|Any CPU
		{B0F0B974-43FD-4E23-97E4-291A99F1B423}.Debug|iPhone.Build.0 = Debug|Any CPU
		{B0F0B974-43FD-4E23-97E4-291A99F1B423}.Debug|iPhoneSimulator.ActiveCfg = Debug|Any CPU
		{B0F0B974-43FD-4E23-97E4-291A99F1B423}.Debug|iPhoneSimulator.Build.0 = Debug|Any CPU
		{B0F0B974-43FD-4E23-97E4-291A99F1B423}.Debug|x64.ActiveCfg = Debug|Any CPU
		{B0F0B974-43FD-4E23-97E4-291A99F1B423}.Debug|x64.Build.0 = Debug|Any CPU
		{B0F0B974-43FD-4E23-97E4-291A99F1B423}.Debug|x86.ActiveCfg = Debug|Any CPU
		{B0F0B974-43FD-4E23-97E4-291A99F1B423}.Debug|x86.Build.0 = Debug|Any CPU
		{B0F0B974-43FD-4E23-97E4-291A99F1B423}.Release|Any CPU.ActiveCfg = Release|Any CPU
		{B0F0B974-43FD-4E23-97E4-291A99F1B423}.Release|Any CPU.Build.0 = Release|Any CPU
		{B0F0B974-43FD-4E23-97E4-291A99F1B423}.Release|ARM.ActiveCfg = Release|Any CPU
		{B0F0B974-43FD-4E23-97E4-291A99F1B423}.Release|ARM.Build.0 = Release|Any CPU
		{B0F0B974-43FD-4E23-97E4-291A99F1B423}.Release|iPhone.ActiveCfg = Release|Any CPU
		{B0F0B974-43FD-4E23-97E4-291A99F1B423}.Release|iPhone.Build.0 = Release|Any CPU
		{B0F0B974-43FD-4E23-97E4-291A99F1B423}.Release|iPhoneSimulator.ActiveCfg = Release|Any CPU
		{B0F0B974-43FD-4E23-97E4-291A99F1B423}.Release|iPhoneSimulator.Build.0 = Release|Any CPU
		{B0F0B974-43FD-4E23-97E4-291A99F1B423}.Release|x64.ActiveCfg = Release|Any CPU
		{B0F0B974-43FD-4E23-97E4-291A99F1B423}.Release|x64.Build.0 = Release|Any CPU
		{B0F0B974-43FD-4E23-97E4-291A99F1B423}.Release|x86.ActiveCfg = Release|Any CPU
		{B0F0B974-43FD-4E23-97E4-291A99F1B423}.Release|x86.Build.0 = Release|Any CPU
	EndGlobalSection
	GlobalSection(SolutionProperties) = preSolution
		HideSolutionNode = FALSE
	EndGlobalSection
	GlobalSection(ExtensibilityGlobals) = postSolution
		SolutionGuid = {810F6AF3-0FD7-4B2D-BF11-270666A72649}
	EndGlobalSection
EndGlobal
